
Microsoft Visual Studio Solution File, Format Version 12.00
# Visual Studio Version 17
VisualStudioVersion = 17.11.35312.102
MinimumVisualStudioVersion = 10.0.40219.1
Project("{FAE04EC0-301F-11D3-BF4B-00C04F79EFBC}") = "01_MainSubjects", "01_MainSubjects\01_MainSubjects.csproj", "{302869BB-4B67-40B6-AAAA-25CF95E5292F}"
EndProject
Project("{FAE04EC0-301F-11D3-BF4B-00C04F79EFBC}") = "02_Variables", "02_Variables\02_Variables.csproj", "{DE5E74D3-5650-41C6-89F2-4A7329F31FFA}"
EndProject
Project("{FAE04EC0-301F-11D3-BF4B-00C04F79EFBC}") = "03_MakingDesicion", "03_MakingDesicion\03_MakingDesicion.csproj", "{47FB2E0D-C424-4D00-A1C7-7B28A6727200}"
EndProject
Project("{FAE04EC0-301F-11D3-BF4B-00C04F79EFBC}") = "04_Loops", "04_Loops\04_Loops.csproj", "{956FF8A6-B4FC-475D-A044-F779F9FC8D7F}"
EndProject
Project("{FAE04EC0-301F-11D3-BF4B-00C04F79EFBC}") = "05_LoopsWithStars", "05_LoopsWithStars\05_LoopsWithStars.csproj", "{28DC225C-F0F6-450E-A5B1-AFFD38633A4D}"
EndProject
Project("{FAE04EC0-301F-11D3-BF4B-00C04F79EFBC}") = "06_Arrays", "06_Arrays\06_Arrays.csproj", "{D8D850B2-D2CA-4EF6-9880-83FB83EAFF6D}"
EndProject
Project("{FAE04EC0-301F-11D3-BF4B-00C04F79EFBC}") = "07_ForeachLoop", "07_ForeachLoop\07_ForeachLoop.csproj", "{FE1941FA-CAC6-4C87-9844-82CEB4AE36D6}"
EndProject
Project("{FAE04EC0-301F-11D3-BF4B-00C04F79EFBC}") = "08_Methods", "08_Methods\08_Methods.csproj", "{E56520B1-3F9D-4420-9BA9-6FA5A222CBDF}"
EndProject
Project("{FAE04EC0-301F-11D3-BF4B-00C04F79EFBC}") = "09_DatabaseProject", "09_DatabaseProject\09_DatabaseProject.csproj", "{FD8C6052-14FA-4C8C-A6A3-D422333FD4A1}"
EndProject
Project("{FAE04EC0-301F-11D3-BF4B-00C04F79EFBC}") = "10_DatabaseCrud", "10_DatabaseCrud\10_DatabaseCrud.csproj", "{42768739-C51D-4ABC-8FB9-7973A6D7661C}"
EndProject
Global
	GlobalSection(SolutionConfigurationPlatforms) = preSolution
		Debug|Any CPU = Debug|Any CPU
		Release|Any CPU = Release|Any CPU
	EndGlobalSection
	GlobalSection(ProjectConfigurationPlatforms) = postSolution
		{302869BB-4B67-40B6-AAAA-25CF95E5292F}.Debug|Any CPU.ActiveCfg = Debug|Any CPU
		{302869BB-4B67-40B6-AAAA-25CF95E5292F}.Debug|Any CPU.Build.0 = Debug|Any CPU
		{302869BB-4B67-40B6-AAAA-25CF95E5292F}.Release|Any CPU.ActiveCfg = Release|Any CPU
		{302869BB-4B67-40B6-AAAA-25CF95E5292F}.Release|Any CPU.Build.0 = Release|Any CPU
		{DE5E74D3-5650-41C6-89F2-4A7329F31FFA}.Debug|Any CPU.ActiveCfg = Debug|Any CPU
		{DE5E74D3-5650-41C6-89F2-4A7329F31FFA}.Debug|Any CPU.Build.0 = Debug|Any CPU
		{DE5E74D3-5650-41C6-89F2-4A7329F31FFA}.Release|Any CPU.ActiveCfg = Release|Any CPU
		{DE5E74D3-5650-41C6-89F2-4A7329F31FFA}.Release|Any CPU.Build.0 = Release|Any CPU
		{47FB2E0D-C424-4D00-A1C7-7B28A6727200}.Debug|Any CPU.ActiveCfg = Debug|Any CPU
		{47FB2E0D-C424-4D00-A1C7-7B28A6727200}.Debug|Any CPU.Build.0 = Debug|Any CPU
		{47FB2E0D-C424-4D00-A1C7-7B28A6727200}.Release|Any CPU.ActiveCfg = Release|Any CPU
		{47FB2E0D-C424-4D00-A1C7-7B28A6727200}.Release|Any CPU.Build.0 = Release|Any CPU
		{956FF8A6-B4FC-475D-A044-F779F9FC8D7F}.Debug|Any CPU.ActiveCfg = Debug|Any CPU
		{956FF8A6-B4FC-475D-A044-F779F9FC8D7F}.Debug|Any CPU.Build.0 = Debug|Any CPU
		{956FF8A6-B4FC-475D-A044-F779F9FC8D7F}.Release|Any CPU.ActiveCfg = Release|Any CPU
		{956FF8A6-B4FC-475D-A044-F779F9FC8D7F}.Release|Any CPU.Build.0 = Release|Any CPU
		{28DC225C-F0F6-450E-A5B1-AFFD38633A4D}.Debug|Any CPU.ActiveCfg = Debug|Any CPU
		{28DC225C-F0F6-450E-A5B1-AFFD38633A4D}.Debug|Any CPU.Build.0 = Debug|Any CPU
		{28DC225C-F0F6-450E-A5B1-AFFD38633A4D}.Release|Any CPU.ActiveCfg = Release|Any CPU
		{28DC225C-F0F6-450E-A5B1-AFFD38633A4D}.Release|Any CPU.Build.0 = Release|Any CPU
		{D8D850B2-D2CA-4EF6-9880-83FB83EAFF6D}.Debug|Any CPU.ActiveCfg = Debug|Any CPU
		{D8D850B2-D2CA-4EF6-9880-83FB83EAFF6D}.Debug|Any CPU.Build.0 = Debug|Any CPU
		{D8D850B2-D2CA-4EF6-9880-83FB83EAFF6D}.Release|Any CPU.ActiveCfg = Release|Any CPU
		{D8D850B2-D2CA-4EF6-9880-83FB83EAFF6D}.Release|Any CPU.Build.0 = Release|Any CPU
		{FE1941FA-CAC6-4C87-9844-82CEB4AE36D6}.Debug|Any CPU.ActiveCfg = Debug|Any CPU
		{FE1941FA-CAC6-4C87-9844-82CEB4AE36D6}.Debug|Any CPU.Build.0 = Debug|Any CPU
		{FE1941FA-CAC6-4C87-9844-82CEB4AE36D6}.Release|Any CPU.ActiveCfg = Release|Any CPU
		{FE1941FA-CAC6-4C87-9844-82CEB4AE36D6}.Release|Any CPU.Build.0 = Release|Any CPU
		{E56520B1-3F9D-4420-9BA9-6FA5A222CBDF}.Debug|Any CPU.ActiveCfg = Debug|Any CPU
		{E56520B1-3F9D-4420-9BA9-6FA5A222CBDF}.Debug|Any CPU.Build.0 = Debug|Any CPU
		{E56520B1-3F9D-4420-9BA9-6FA5A222CBDF}.Release|Any CPU.ActiveCfg = Release|Any CPU
		{E56520B1-3F9D-4420-9BA9-6FA5A222CBDF}.Release|Any CPU.Build.0 = Release|Any CPU
		{FD8C6052-14FA-4C8C-A6A3-D422333FD4A1}.Debug|Any CPU.ActiveCfg = Debug|Any CPU
		{FD8C6052-14FA-4C8C-A6A3-D422333FD4A1}.Debug|Any CPU.Build.0 = Debug|Any CPU
		{FD8C6052-14FA-4C8C-A6A3-D422333FD4A1}.Release|Any CPU.ActiveCfg = Release|Any CPU
		{FD8C6052-14FA-4C8C-A6A3-D422333FD4A1}.Release|Any CPU.Build.0 = Release|Any CPU
		{42768739-C51D-4ABC-8FB9-7973A6D7661C}.Debug|Any CPU.ActiveCfg = Debug|Any CPU
		{42768739-C51D-4ABC-8FB9-7973A6D7661C}.Debug|Any CPU.Build.0 = Debug|Any CPU
		{42768739-C51D-4ABC-8FB9-7973A6D7661C}.Release|Any CPU.ActiveCfg = Release|Any CPU
		{42768739-C51D-4ABC-8FB9-7973A6D7661C}.Release|Any CPU.Build.0 = Release|Any CPU
	EndGlobalSection
	GlobalSection(SolutionProperties) = preSolution
		HideSolutionNode = FALSE
	EndGlobalSection
	GlobalSection(ExtensibilityGlobals) = postSolution
		SolutionGuid = {3B4A221C-C2D1-4C92-9657-B8EE7DBF61C6}
	EndGlobalSection
EndGlobal
